// !$*UTF8*$!
{
	archiveVersion = 1;
	classes = {
	};
	objectVersion = 52;
	objects = {

/* Begin PBXBuildFile section */
		0207DA581B56EA530066E2B4 /* Images.xcassets in Resources */ = {isa = PBXBuildFile; fileRef = 0207DA571B56EA530066E2B4 /* Images.xcassets */; };
		1D3623260D0F684500981E51 /* AppDelegate.m in Sources */ = {isa = PBXBuildFile; fileRef = 1D3623250D0F684500981E51 /* AppDelegate.m */; };
		1D60589B0D05DD56006BFB54 /* main.m in Sources */ = {isa = PBXBuildFile; fileRef = 29B97316FDCFA39411CA2CEA /* main.m */; };
		301BF552109A68D80062928A /* libCordova.a in Frameworks */ = {isa = PBXBuildFile; fileRef = 301BF535109A57CC0062928A /* libCordova.a */; settings = {ATTRIBUTES = (Required, ); }; };
		302D95F114D2391D003F00A1 /* MainViewController.m in Sources */ = {isa = PBXBuildFile; fileRef = 302D95EF14D2391D003F00A1 /* MainViewController.m */; };
		302D95F214D2391D003F00A1 /* MainViewController.xib in Resources */ = {isa = PBXBuildFile; fileRef = 302D95F014D2391D003F00A1 /* MainViewController.xib */; };
		6AFF5BF91D6E424B00AB3073 /* CDVLaunchScreen.storyboard in Resources */ = {isa = PBXBuildFile; fileRef = 6AFF5BF81D6E424B00AB3073 /* CDVLaunchScreen.storyboard */; };
		8BAD286F7B0941B286CF0020 /* WebAppLocalServer.swift in Sources */ = {isa = PBXBuildFile; fileRef = EB0AF13032184DFBB951FFAF /* WebAppLocalServer.swift */; };
		D761C25D3A6D4EC7A8BC8F6A /* WebAppConfiguration.swift in Sources */ = {isa = PBXBuildFile; fileRef = 864303CFD3D0425586FE4A43 /* WebAppConfiguration.swift */; };
		937AC909853B4BC2884E9977 /* AssetBundleManager.swift in Sources */ = {isa = PBXBuildFile; fileRef = E25E6E75FA4D40E4897D7088 /* AssetBundleManager.swift */; };
		F6D3ECC0A21F4C509B894388 /* AssetBundle.swift in Sources */ = {isa = PBXBuildFile; fileRef = FCBC66AC369E409DA535A2BA /* AssetBundle.swift */; };
		CED70D0051714F7388BEAF13 /* Asset.swift in Sources */ = {isa = PBXBuildFile; fileRef = D35574ABE49B4FF2A7037F5E /* Asset.swift */; };
		B0845E2BA30C4BDB854AC3AD /* AssetBundleDownloader.swift in Sources */ = {isa = PBXBuildFile; fileRef = AE683C7DFD5C4CC899E9AC84 /* AssetBundleDownloader.swift */; };
		F45031B77DEB49B293AD777D /* AssetManifest.swift in Sources */ = {isa = PBXBuildFile; fileRef = D8A9F87C47964E25A5818F54 /* AssetManifest.swift */; };
		0927E4EBBAA74F88A007AE81 /* Errors.swift in Sources */ = {isa = PBXBuildFile; fileRef = 5598E3EECA1B4C45B1EA47C5 /* Errors.swift */; };
		5D9E072E796D422C8C5D9BCB /* Utility.swift in Sources */ = {isa = PBXBuildFile; fileRef = 662EBF3770D94A2C8F037468 /* Utility.swift */; };
		E8404CE265D04C3CA0EE8692 /* METPlugin.m in Sources */ = {isa = PBXBuildFile; fileRef = BDB1C9A94B5E4768A9AF7BE1 /* METPlugin.m */; };
		3CF8E376803E4535A49F01D1 /* METTimer.m in Sources */ = {isa = PBXBuildFile; fileRef = 9CD40289CC1844FAA564FA1A /* METTimer.m */; };
		A6E4BEF80B964306BA7B0F2D /* METRetryStrategy.m in Sources */ = {isa = PBXBuildFile; fileRef = 77A023D6E63A4526A0E990F8 /* METRetryStrategy.m */; };
		C2D80A8A9C56470EB58281B7 /* METNetworkReachabilityManager.m in Sources */ = {isa = PBXBuildFile; fileRef = 7FF3BAECD95A4A758B8368FF /* METNetworkReachabilityManager.m */; };
		7BC99DF649D84A43BE7634E5 /* METRandomValueGenerator.m in Sources */ = {isa = PBXBuildFile; fileRef = 05FEE6D8C108400DAFF80326 /* METRandomValueGenerator.m */; };
		86138A7EFA3C404BAE9AEF1B /* GCDWebServer.m in Sources */ = {isa = PBXBuildFile; fileRef = 2B4EA96D6D554B7ABF3120E6 /* GCDWebServer.m */; };
		F613878B419B4F73BAFC1761 /* GCDWebServerConnection.m in Sources */ = {isa = PBXBuildFile; fileRef = 9542B586482640659AD23ACF /* GCDWebServerConnection.m */; };
		FA296232825D492A82B4856C /* GCDWebServerFunctions.m in Sources */ = {isa = PBXBuildFile; fileRef = 0EE8AECF49144B3490773CC3 /* GCDWebServerFunctions.m */; };
		749092D42EAE43109BFEB01B /* GCDWebServerRequest.m in Sources */ = {isa = PBXBuildFile; fileRef = AFDBF982DBFF407082BBCC6F /* GCDWebServerRequest.m */; };
		1289FC7FA97F4F5EBB858FA1 /* GCDWebServerResponse.m in Sources */ = {isa = PBXBuildFile; fileRef = 92F8811835474DD0B5F56BB8 /* GCDWebServerResponse.m */; };
		100A0406364E4CEBA148C5B7 /* GCDWebServerDataRequest.m in Sources */ = {isa = PBXBuildFile; fileRef = 2D1936FB2DC64CEEBB00D857 /* GCDWebServerDataRequest.m */; };
		C1CE28DD652C4CEF95B03844 /* GCDWebServerFileRequest.m in Sources */ = {isa = PBXBuildFile; fileRef = AA613B42C20C46CAA177B9F2 /* GCDWebServerFileRequest.m */; };
		25098CDF45EE4C879A19094F /* GCDWebServerMultiPartFormRequest.m in Sources */ = {isa = PBXBuildFile; fileRef = EBCC5F8143F249B89C02C442 /* GCDWebServerMultiPartFormRequest.m */; };
		6CB9CC6AFE2F4D0CBA2545CF /* GCDWebServerURLEncodedFormRequest.m in Sources */ = {isa = PBXBuildFile; fileRef = 8C690E81754841649F4B08BB /* GCDWebServerURLEncodedFormRequest.m */; };
		F0BC5095AF4F47E999780E5D /* GCDWebServerDataResponse.m in Sources */ = {isa = PBXBuildFile; fileRef = 70E8BBE87ABA48C89862350A /* GCDWebServerDataResponse.m */; };
		8A3DAF51572A4017812558E2 /* GCDWebServerErrorResponse.m in Sources */ = {isa = PBXBuildFile; fileRef = FBAFC813359441A4AC54D178 /* GCDWebServerErrorResponse.m */; };
		DBC0178604A94D53B52206F4 /* GCDWebServerFileResponse.m in Sources */ = {isa = PBXBuildFile; fileRef = B9541A55BED74493B0E41EDE /* GCDWebServerFileResponse.m */; };
		0CC2145FC22345528CEC28B4 /* GCDWebServerStreamedResponse.m in Sources */ = {isa = PBXBuildFile; fileRef = 58AF5BD65264464FBB288B0C /* GCDWebServerStreamedResponse.m */; };
		329F57E4E24D47529EA93C9A /* CFNetwork.framework in Frameworks */ = {isa = PBXBuildFile; fileRef = 12FFFA2FE05B493DA0C42060 /* CFNetwork.framework */; };
		A55E76654DAC40B697B1F0A3 /* libz.dylib in Frameworks */ = {isa = PBXBuildFile; fileRef = BA1B75935C5A478AAEAFA195 /* libz.dylib */; };
		003B32CFFDA642DEA6111D0B /* CDVStatusBar.m in Sources */ = {isa = PBXBuildFile; fileRef = BC37F28512F24CD1B654E915 /* CDVStatusBar.m */; };
/* End PBXBuildFile section */

/* Begin PBXContainerItemProxy section */
		301BF534109A57CC0062928A /* PBXContainerItemProxy */ = {
			isa = PBXContainerItemProxy;
			containerPortal = 301BF52D109A57CC0062928A /* CordovaLib/CordovaLib.xcodeproj */;
			proxyType = 2;
			remoteGlobalIDString = D2AAC07E0554694100DB518D;
			remoteInfo = CordovaLib;
		};
		301BF550109A68C00062928A /* PBXContainerItemProxy */ = {
			isa = PBXContainerItemProxy;
			containerPortal = 301BF52D109A57CC0062928A /* CordovaLib/CordovaLib.xcodeproj */;
			proxyType = 1;
			remoteGlobalIDString = D2AAC07D0554694100DB518D;
			remoteInfo = CordovaLib;
		};
		907D8123214C687600058A10 /* PBXContainerItemProxy */ = {
			isa = PBXContainerItemProxy;
			containerPortal = 301BF52D109A57CC0062928A /* CordovaLib/CordovaLib.xcodeproj */;
			proxyType = 2;
			remoteGlobalIDString = C0C01EB21E3911D50056E6CB;
			remoteInfo = Cordova;
		};
/* End PBXContainerItemProxy section */

/* Begin PBXFileReference section */
		0207DA571B56EA530066E2B4 /* Images.xcassets */ = {isa = PBXFileReference; lastKnownFileType = folder.assetcatalog; name = Images.xcassets; path = "app/Images.xcassets"; sourceTree = SOURCE_ROOT; };
		1D3623240D0F684500981E51 /* AppDelegate.h */ = {isa = PBXFileReference; fileEncoding = 4; lastKnownFileType = sourcecode.c.h; path = AppDelegate.h; sourceTree = "<group>"; };
		1D3623250D0F684500981E51 /* AppDelegate.m */ = {isa = PBXFileReference; fileEncoding = 4; lastKnownFileType = sourcecode.c.objc; path = AppDelegate.m; sourceTree = "<group>"; };
		1D6058910D05DD3D006BFB54 /* app.app */ = {isa = PBXFileReference; explicitFileType = wrapper.application; includeInIndex = 0; path = "app.app"; sourceTree = BUILT_PRODUCTS_DIR; };
		29B97316FDCFA39411CA2CEA /* main.m */ = {isa = PBXFileReference; fileEncoding = 4; lastKnownFileType = sourcecode.c.objc; path = main.m; sourceTree = "<group>"; };
		301BF52D109A57CC0062928A /* CordovaLib/CordovaLib.xcodeproj */ = {isa = PBXFileReference; lastKnownFileType = "wrapper.pb-project"; name = CordovaLib.xcodeproj; path = CordovaLib/CordovaLib.xcodeproj; sourceTree = "<group>"; };
		301BF56E109A69640062928A /* www */ = {isa = PBXFileReference; lastKnownFileType = folder; path = www; sourceTree = SOURCE_ROOT; };
		302D95EE14D2391D003F00A1 /* MainViewController.h */ = {isa = PBXFileReference; fileEncoding = 4; lastKnownFileType = sourcecode.c.h; path = MainViewController.h; sourceTree = "<group>"; };
		302D95EF14D2391D003F00A1 /* MainViewController.m */ = {isa = PBXFileReference; fileEncoding = 4; lastKnownFileType = sourcecode.c.objc; path = MainViewController.m; sourceTree = "<group>"; };
		302D95F014D2391D003F00A1 /* MainViewController.xib */ = {isa = PBXFileReference; fileEncoding = 4; lastKnownFileType = file.xib; path = MainViewController.xib; sourceTree = "<group>"; };
		3047A50F1AB8059700498E2A /* build-debug.xcconfig */ = {isa = PBXFileReference; fileEncoding = 4; lastKnownFileType = text.xcconfig; name = "build-debug.xcconfig"; path = "cordova/build-debug.xcconfig"; sourceTree = SOURCE_ROOT; };
		3047A5101AB8059700498E2A /* build-release.xcconfig */ = {isa = PBXFileReference; fileEncoding = 4; lastKnownFileType = text.xcconfig; name = "build-release.xcconfig"; path = "cordova/build-release.xcconfig"; sourceTree = SOURCE_ROOT; };
		3047A5111AB8059700498E2A /* build.xcconfig */ = {isa = PBXFileReference; fileEncoding = 4; lastKnownFileType = text.xcconfig; name = build.xcconfig; path = cordova/build.xcconfig; sourceTree = SOURCE_ROOT; };
		32CA4F630368D1EE00C91783 /* app-Prefix.pch */ = {isa = PBXFileReference; fileEncoding = 4; lastKnownFileType = sourcecode.c.h; path = "app-Prefix.pch"; sourceTree = "<group>"; };
		6AFF5BF81D6E424B00AB3073 /* CDVLaunchScreen.storyboard */ = {isa = PBXFileReference; fileEncoding = 4; lastKnownFileType = file.storyboard; name = CDVLaunchScreen.storyboard; path = "app/CDVLaunchScreen.storyboard"; sourceTree = SOURCE_ROOT; };
		8D1107310486CEB800E47090 /* app-Info.plist */ = {isa = PBXFileReference; fileEncoding = 4; lastKnownFileType = text.plist.xml; name = "app-Info.plist"; path = "app/app-Info.plist"; plistStructureDefinitionIdentifier = "com.apple.xcode.plist.structure-definition.iphone.info-plist"; sourceTree = SOURCE_ROOT; };
		EB87FDF31871DA8E0020F90C /* www */ = {isa = PBXFileReference; lastKnownFileType = folder; name = www; path = ../../www; sourceTree = "<group>"; };
		EB87FDF41871DAF40020F90C /* config.xml */ = {isa = PBXFileReference; lastKnownFileType = text.xml; name = config.xml; path = ../../config.xml; sourceTree = "<group>"; };
		ED33DF2A687741AEAF9F8254 /* Bridging-Header.h */ = {isa = PBXFileReference; fileEncoding = 4; lastKnownFileType = sourcecode.c.h; path = "Bridging-Header.h"; sourceTree = "<group>"; };
		F840E1F0165FE0F500CFE078 /* config.xml */ = {isa = PBXFileReference; lastKnownFileType = text.xml; name = config.xml; path = "app/config.xml"; sourceTree = "<group>"; };
		EB0AF13032184DFBB951FFAF /* WebAppLocalServer.swift */ = {isa = PBXFileReference; name = "WebAppLocalServer.swift"; path = "cordova-plugin-meteor-webapp/WebAppLocalServer.swift"; sourceTree = "<group>"; fileEncoding = 4; lastKnownFileType = sourcecode.swift; explicitFileType = undefined; includeInIndex = 0; };
		864303CFD3D0425586FE4A43 /* WebAppConfiguration.swift */ = {isa = PBXFileReference; name = "WebAppConfiguration.swift"; path = "cordova-plugin-meteor-webapp/WebAppConfiguration.swift"; sourceTree = "<group>"; fileEncoding = 4; lastKnownFileType = sourcecode.swift; explicitFileType = undefined; includeInIndex = 0; };
		E25E6E75FA4D40E4897D7088 /* AssetBundleManager.swift */ = {isa = PBXFileReference; name = "AssetBundleManager.swift"; path = "cordova-plugin-meteor-webapp/AssetBundleManager.swift"; sourceTree = "<group>"; fileEncoding = 4; lastKnownFileType = sourcecode.swift; explicitFileType = undefined; includeInIndex = 0; };
		FCBC66AC369E409DA535A2BA /* AssetBundle.swift */ = {isa = PBXFileReference; name = "AssetBundle.swift"; path = "cordova-plugin-meteor-webapp/AssetBundle.swift"; sourceTree = "<group>"; fileEncoding = 4; lastKnownFileType = sourcecode.swift; explicitFileType = undefined; includeInIndex = 0; };
		D35574ABE49B4FF2A7037F5E /* Asset.swift */ = {isa = PBXFileReference; name = "Asset.swift"; path = "cordova-plugin-meteor-webapp/Asset.swift"; sourceTree = "<group>"; fileEncoding = 4; lastKnownFileType = sourcecode.swift; explicitFileType = undefined; includeInIndex = 0; };
		AE683C7DFD5C4CC899E9AC84 /* AssetBundleDownloader.swift */ = {isa = PBXFileReference; name = "AssetBundleDownloader.swift"; path = "cordova-plugin-meteor-webapp/AssetBundleDownloader.swift"; sourceTree = "<group>"; fileEncoding = 4; lastKnownFileType = sourcecode.swift; explicitFileType = undefined; includeInIndex = 0; };
		D8A9F87C47964E25A5818F54 /* AssetManifest.swift */ = {isa = PBXFileReference; name = "AssetManifest.swift"; path = "cordova-plugin-meteor-webapp/AssetManifest.swift"; sourceTree = "<group>"; fileEncoding = 4; lastKnownFileType = sourcecode.swift; explicitFileType = undefined; includeInIndex = 0; };
		5598E3EECA1B4C45B1EA47C5 /* Errors.swift */ = {isa = PBXFileReference; name = "Errors.swift"; path = "cordova-plugin-meteor-webapp/Errors.swift"; sourceTree = "<group>"; fileEncoding = 4; lastKnownFileType = sourcecode.swift; explicitFileType = undefined; includeInIndex = 0; };
		662EBF3770D94A2C8F037468 /* Utility.swift */ = {isa = PBXFileReference; name = "Utility.swift"; path = "cordova-plugin-meteor-webapp/Utility.swift"; sourceTree = "<group>"; fileEncoding = 4; lastKnownFileType = sourcecode.swift; explicitFileType = undefined; includeInIndex = 0; };
		BDB1C9A94B5E4768A9AF7BE1 /* METPlugin.m */ = {isa = PBXFileReference; name = "METPlugin.m"; path = "cordova-plugin-meteor-webapp/METPlugin.m"; sourceTree = "<group>"; fileEncoding = 4; lastKnownFileType = sourcecode.c.objc; explicitFileType = undefined; includeInIndex = 0; };
		9CD40289CC1844FAA564FA1A /* METTimer.m */ = {isa = PBXFileReference; name = "METTimer.m"; path = "cordova-plugin-meteor-webapp/METTimer.m"; sourceTree = "<group>"; fileEncoding = 4; lastKnownFileType = sourcecode.c.objc; explicitFileType = undefined; includeInIndex = 0; };
		77A023D6E63A4526A0E990F8 /* METRetryStrategy.m */ = {isa = PBXFileReference; name = "METRetryStrategy.m"; path = "cordova-plugin-meteor-webapp/METRetryStrategy.m"; sourceTree = "<group>"; fileEncoding = 4; lastKnownFileType = sourcecode.c.objc; explicitFileType = undefined; includeInIndex = 0; };
		7FF3BAECD95A4A758B8368FF /* METNetworkReachabilityManager.m */ = {isa = PBXFileReference; name = "METNetworkReachabilityManager.m"; path = "cordova-plugin-meteor-webapp/METNetworkReachabilityManager.m"; sourceTree = "<group>"; fileEncoding = 4; lastKnownFileType = sourcecode.c.objc; explicitFileType = undefined; includeInIndex = 0; };
		05FEE6D8C108400DAFF80326 /* METRandomValueGenerator.m */ = {isa = PBXFileReference; name = "METRandomValueGenerator.m"; path = "cordova-plugin-meteor-webapp/METRandomValueGenerator.m"; sourceTree = "<group>"; fileEncoding = 4; lastKnownFileType = sourcecode.c.objc; explicitFileType = undefined; includeInIndex = 0; };
		2B4EA96D6D554B7ABF3120E6 /* GCDWebServer.m */ = {isa = PBXFileReference; name = "GCDWebServer.m"; path = "cordova-plugin-meteor-webapp/GCDWebServer.m"; sourceTree = "<group>"; fileEncoding = 4; lastKnownFileType = sourcecode.c.objc; explicitFileType = undefined; includeInIndex = 0; };
		9542B586482640659AD23ACF /* GCDWebServerConnection.m */ = {isa = PBXFileReference; name = "GCDWebServerConnection.m"; path = "cordova-plugin-meteor-webapp/GCDWebServerConnection.m"; sourceTree = "<group>"; fileEncoding = 4; lastKnownFileType = sourcecode.c.objc; explicitFileType = undefined; includeInIndex = 0; };
		0EE8AECF49144B3490773CC3 /* GCDWebServerFunctions.m */ = {isa = PBXFileReference; name = "GCDWebServerFunctions.m"; path = "cordova-plugin-meteor-webapp/GCDWebServerFunctions.m"; sourceTree = "<group>"; fileEncoding = 4; lastKnownFileType = sourcecode.c.objc; explicitFileType = undefined; includeInIndex = 0; };
		AFDBF982DBFF407082BBCC6F /* GCDWebServerRequest.m */ = {isa = PBXFileReference; name = "GCDWebServerRequest.m"; path = "cordova-plugin-meteor-webapp/GCDWebServerRequest.m"; sourceTree = "<group>"; fileEncoding = 4; lastKnownFileType = sourcecode.c.objc; explicitFileType = undefined; includeInIndex = 0; };
		92F8811835474DD0B5F56BB8 /* GCDWebServerResponse.m */ = {isa = PBXFileReference; name = "GCDWebServerResponse.m"; path = "cordova-plugin-meteor-webapp/GCDWebServerResponse.m"; sourceTree = "<group>"; fileEncoding = 4; lastKnownFileType = sourcecode.c.objc; explicitFileType = undefined; includeInIndex = 0; };
		2D1936FB2DC64CEEBB00D857 /* GCDWebServerDataRequest.m */ = {isa = PBXFileReference; name = "GCDWebServerDataRequest.m"; path = "cordova-plugin-meteor-webapp/GCDWebServerDataRequest.m"; sourceTree = "<group>"; fileEncoding = 4; lastKnownFileType = sourcecode.c.objc; explicitFileType = undefined; includeInIndex = 0; };
		AA613B42C20C46CAA177B9F2 /* GCDWebServerFileRequest.m */ = {isa = PBXFileReference; name = "GCDWebServerFileRequest.m"; path = "cordova-plugin-meteor-webapp/GCDWebServerFileRequest.m"; sourceTree = "<group>"; fileEncoding = 4; lastKnownFileType = sourcecode.c.objc; explicitFileType = undefined; includeInIndex = 0; };
		EBCC5F8143F249B89C02C442 /* GCDWebServerMultiPartFormRequest.m */ = {isa = PBXFileReference; name = "GCDWebServerMultiPartFormRequest.m"; path = "cordova-plugin-meteor-webapp/GCDWebServerMultiPartFormRequest.m"; sourceTree = "<group>"; fileEncoding = 4; lastKnownFileType = sourcecode.c.objc; explicitFileType = undefined; includeInIndex = 0; };
		8C690E81754841649F4B08BB /* GCDWebServerURLEncodedFormRequest.m */ = {isa = PBXFileReference; name = "GCDWebServerURLEncodedFormRequest.m"; path = "cordova-plugin-meteor-webapp/GCDWebServerURLEncodedFormRequest.m"; sourceTree = "<group>"; fileEncoding = 4; lastKnownFileType = sourcecode.c.objc; explicitFileType = undefined; includeInIndex = 0; };
		70E8BBE87ABA48C89862350A /* GCDWebServerDataResponse.m */ = {isa = PBXFileReference; name = "GCDWebServerDataResponse.m"; path = "cordova-plugin-meteor-webapp/GCDWebServerDataResponse.m"; sourceTree = "<group>"; fileEncoding = 4; lastKnownFileType = sourcecode.c.objc; explicitFileType = undefined; includeInIndex = 0; };
		FBAFC813359441A4AC54D178 /* GCDWebServerErrorResponse.m */ = {isa = PBXFileReference; name = "GCDWebServerErrorResponse.m"; path = "cordova-plugin-meteor-webapp/GCDWebServerErrorResponse.m"; sourceTree = "<group>"; fileEncoding = 4; lastKnownFileType = sourcecode.c.objc; explicitFileType = undefined; includeInIndex = 0; };
		B9541A55BED74493B0E41EDE /* GCDWebServerFileResponse.m */ = {isa = PBXFileReference; name = "GCDWebServerFileResponse.m"; path = "cordova-plugin-meteor-webapp/GCDWebServerFileResponse.m"; sourceTree = "<group>"; fileEncoding = 4; lastKnownFileType = sourcecode.c.objc; explicitFileType = undefined; includeInIndex = 0; };
		58AF5BD65264464FBB288B0C /* GCDWebServerStreamedResponse.m */ = {isa = PBXFileReference; name = "GCDWebServerStreamedResponse.m"; path = "cordova-plugin-meteor-webapp/GCDWebServerStreamedResponse.m"; sourceTree = "<group>"; fileEncoding = 4; lastKnownFileType = sourcecode.c.objc; explicitFileType = undefined; includeInIndex = 0; };
		ED15A3C7DF9245F793F8CAF9 /* cordova-plugin-meteor-webapp-Bridging-Header.h */ = {isa = PBXFileReference; name = "cordova-plugin-meteor-webapp-Bridging-Header.h"; path = "cordova-plugin-meteor-webapp/cordova-plugin-meteor-webapp-Bridging-Header.h"; sourceTree = "<group>"; fileEncoding = 4; lastKnownFileType = sourcecode.c.h; explicitFileType = undefined; includeInIndex = 0; };
		292D1EFC8BD041AAABFBD26A /* METPlugin.h */ = {isa = PBXFileReference; name = "METPlugin.h"; path = "cordova-plugin-meteor-webapp/METPlugin.h"; sourceTree = "<group>"; fileEncoding = 4; lastKnownFileType = sourcecode.c.h; explicitFileType = undefined; includeInIndex = 0; };
		D26E3F1A130A438994486A2B /* METTimer.h */ = {isa = PBXFileReference; name = "METTimer.h"; path = "cordova-plugin-meteor-webapp/METTimer.h"; sourceTree = "<group>"; fileEncoding = 4; lastKnownFileType = sourcecode.c.h; explicitFileType = undefined; includeInIndex = 0; };
		B40BAA03FA91449EA080F659 /* METRetryStrategy.h */ = {isa = PBXFileReference; name = "METRetryStrategy.h"; path = "cordova-plugin-meteor-webapp/METRetryStrategy.h"; sourceTree = "<group>"; fileEncoding = 4; lastKnownFileType = sourcecode.c.h; explicitFileType = undefined; includeInIndex = 0; };
		ED45C8491ED54FD5B3A28B4B /* METNetworkReachabilityManager.h */ = {isa = PBXFileReference; name = "METNetworkReachabilityManager.h"; path = "cordova-plugin-meteor-webapp/METNetworkReachabilityManager.h"; sourceTree = "<group>"; fileEncoding = 4; lastKnownFileType = sourcecode.c.h; explicitFileType = undefined; includeInIndex = 0; };
		6EF93C088B3A495994FD6649 /* METRandomValueGenerator.h */ = {isa = PBXFileReference; name = "METRandomValueGenerator.h"; path = "cordova-plugin-meteor-webapp/METRandomValueGenerator.h"; sourceTree = "<group>"; fileEncoding = 4; lastKnownFileType = sourcecode.c.h; explicitFileType = undefined; includeInIndex = 0; };
		A76EED0F65CA4246A28C5587 /* GCDWebServer.h */ = {isa = PBXFileReference; name = "GCDWebServer.h"; path = "cordova-plugin-meteor-webapp/GCDWebServer.h"; sourceTree = "<group>"; fileEncoding = 4; lastKnownFileType = sourcecode.c.h; explicitFileType = undefined; includeInIndex = 0; };
		3198BD454D47452881A1C351 /* GCDWebServerConnection.h */ = {isa = PBXFileReference; name = "GCDWebServerConnection.h"; path = "cordova-plugin-meteor-webapp/GCDWebServerConnection.h"; sourceTree = "<group>"; fileEncoding = 4; lastKnownFileType = sourcecode.c.h; explicitFileType = undefined; includeInIndex = 0; };
		280853C76C5F417598EBC618 /* GCDWebServerFunctions.h */ = {isa = PBXFileReference; name = "GCDWebServerFunctions.h"; path = "cordova-plugin-meteor-webapp/GCDWebServerFunctions.h"; sourceTree = "<group>"; fileEncoding = 4; lastKnownFileType = sourcecode.c.h; explicitFileType = undefined; includeInIndex = 0; };
		6567219753444151A1AC666C /* GCDWebServerHTTPStatusCodes.h */ = {isa = PBXFileReference; name = "GCDWebServerHTTPStatusCodes.h"; path = "cordova-plugin-meteor-webapp/GCDWebServerHTTPStatusCodes.h"; sourceTree = "<group>"; fileEncoding = 4; lastKnownFileType = sourcecode.c.h; explicitFileType = undefined; includeInIndex = 0; };
		49EB22A6C8BC443FA76F37D5 /* GCDWebServerPrivate.h */ = {isa = PBXFileReference; name = "GCDWebServerPrivate.h"; path = "cordova-plugin-meteor-webapp/GCDWebServerPrivate.h"; sourceTree = "<group>"; fileEncoding = 4; lastKnownFileType = sourcecode.c.h; explicitFileType = undefined; includeInIndex = 0; };
		2EB34EE9107F4CD797B3D8D9 /* GCDWebServerRequest.h */ = {isa = PBXFileReference; name = "GCDWebServerRequest.h"; path = "cordova-plugin-meteor-webapp/GCDWebServerRequest.h"; sourceTree = "<group>"; fileEncoding = 4; lastKnownFileType = sourcecode.c.h; explicitFileType = undefined; includeInIndex = 0; };
		B00781F509234BF395645584 /* GCDWebServerResponse.h */ = {isa = PBXFileReference; name = "GCDWebServerResponse.h"; path = "cordova-plugin-meteor-webapp/GCDWebServerResponse.h"; sourceTree = "<group>"; fileEncoding = 4; lastKnownFileType = sourcecode.c.h; explicitFileType = undefined; includeInIndex = 0; };
		996C2A991A4047199482D05A /* GCDWebServerDataRequest.h */ = {isa = PBXFileReference; name = "GCDWebServerDataRequest.h"; path = "cordova-plugin-meteor-webapp/GCDWebServerDataRequest.h"; sourceTree = "<group>"; fileEncoding = 4; lastKnownFileType = sourcecode.c.h; explicitFileType = undefined; includeInIndex = 0; };
		C82ED3D24E044384A42062A8 /* GCDWebServerFileRequest.h */ = {isa = PBXFileReference; name = "GCDWebServerFileRequest.h"; path = "cordova-plugin-meteor-webapp/GCDWebServerFileRequest.h"; sourceTree = "<group>"; fileEncoding = 4; lastKnownFileType = sourcecode.c.h; explicitFileType = undefined; includeInIndex = 0; };
		BC880E18E61D48C3B95D742C /* GCDWebServerMultiPartFormRequest.h */ = {isa = PBXFileReference; name = "GCDWebServerMultiPartFormRequest.h"; path = "cordova-plugin-meteor-webapp/GCDWebServerMultiPartFormRequest.h"; sourceTree = "<group>"; fileEncoding = 4; lastKnownFileType = sourcecode.c.h; explicitFileType = undefined; includeInIndex = 0; };
		5A53060E41EF44BE8C6EFBD1 /* GCDWebServerURLEncodedFormRequest.h */ = {isa = PBXFileReference; name = "GCDWebServerURLEncodedFormRequest.h"; path = "cordova-plugin-meteor-webapp/GCDWebServerURLEncodedFormRequest.h"; sourceTree = "<group>"; fileEncoding = 4; lastKnownFileType = sourcecode.c.h; explicitFileType = undefined; includeInIndex = 0; };
		39248EA01FD746ADB7AFD1FB /* GCDWebServerDataResponse.h */ = {isa = PBXFileReference; name = "GCDWebServerDataResponse.h"; path = "cordova-plugin-meteor-webapp/GCDWebServerDataResponse.h"; sourceTree = "<group>"; fileEncoding = 4; lastKnownFileType = sourcecode.c.h; explicitFileType = undefined; includeInIndex = 0; };
		6EC3AC1455AF428D8F54F4C6 /* GCDWebServerErrorResponse.h */ = {isa = PBXFileReference; name = "GCDWebServerErrorResponse.h"; path = "cordova-plugin-meteor-webapp/GCDWebServerErrorResponse.h"; sourceTree = "<group>"; fileEncoding = 4; lastKnownFileType = sourcecode.c.h; explicitFileType = undefined; includeInIndex = 0; };
		60EDED7DB5D942439846A537 /* GCDWebServerFileResponse.h */ = {isa = PBXFileReference; name = "GCDWebServerFileResponse.h"; path = "cordova-plugin-meteor-webapp/GCDWebServerFileResponse.h"; sourceTree = "<group>"; fileEncoding = 4; lastKnownFileType = sourcecode.c.h; explicitFileType = undefined; includeInIndex = 0; };
		0E60548D1F3640A6A0D6AC46 /* GCDWebServerStreamedResponse.h */ = {isa = PBXFileReference; name = "GCDWebServerStreamedResponse.h"; path = "cordova-plugin-meteor-webapp/GCDWebServerStreamedResponse.h"; sourceTree = "<group>"; fileEncoding = 4; lastKnownFileType = sourcecode.c.h; explicitFileType = undefined; includeInIndex = 0; };
		12FFFA2FE05B493DA0C42060 /* CFNetwork.framework */ = {isa = PBXFileReference; name = "CFNetwork.framework"; path = "System/Library/Frameworks/CFNetwork.framework"; sourceTree = SDKROOT; fileEncoding = undefined; lastKnownFileType = wrapper.framework; explicitFileType = undefined; includeInIndex = 0; };
		BA1B75935C5A478AAEAFA195 /* libz.dylib */ = {isa = PBXFileReference; name = "libz.dylib"; path = "usr/lib/libz.dylib"; sourceTree = SDKROOT; fileEncoding = undefined; lastKnownFileType = compiled.mach-o.dylib; explicitFileType = undefined; includeInIndex = 0; };
		BC37F28512F24CD1B654E915 /* CDVStatusBar.m */ = {isa = PBXFileReference; name = "CDVStatusBar.m"; path = "cordova-plugin-statusbar/CDVStatusBar.m"; sourceTree = "<group>"; fileEncoding = 4; lastKnownFileType = sourcecode.c.objc; explicitFileType = undefined; includeInIndex = 0; };
		F4066E0A91134D30B4E00257 /* CDVStatusBar.h */ = {isa = PBXFileReference; name = "CDVStatusBar.h"; path = "cordova-plugin-statusbar/CDVStatusBar.h"; sourceTree = "<group>"; fileEncoding = 4; lastKnownFileType = sourcecode.c.h; explicitFileType = undefined; includeInIndex = 0; };
/* End PBXFileReference section */

/* Begin PBXFrameworksBuildPhase section */
		1D60588F0D05DD3D006BFB54 /* Frameworks */ = {
			isa = PBXFrameworksBuildPhase;
			buildActionMask = 2147483647;
			files = (
				301BF552109A68D80062928A /* libCordova.a in Frameworks */,
				329F57E4E24D47529EA93C9A /* CFNetwork.framework in Frameworks */,
				A55E76654DAC40B697B1F0A3 /* libz.dylib in Frameworks */,
			);
			runOnlyForDeploymentPostprocessing = 0;
		};
/* End PBXFrameworksBuildPhase section */

/* Begin PBXGroup section */
		080E96DDFE201D6D7F000001 /* Classes */ = {
			isa = PBXGroup;
			children = (
				302D95EE14D2391D003F00A1 /* MainViewController.h */,
				302D95EF14D2391D003F00A1 /* MainViewController.m */,
				302D95F014D2391D003F00A1 /* MainViewController.xib */,
				1D3623240D0F684500981E51 /* AppDelegate.h */,
				1D3623250D0F684500981E51 /* AppDelegate.m */,
			);
			name = Classes;
			path = "app/Classes";
			sourceTree = SOURCE_ROOT;
		};
		19C28FACFE9D520D11CA2CBB /* Products */ = {
			isa = PBXGroup;
			children = (
				1D6058910D05DD3D006BFB54 /* app.app */,
			);
			name = Products;
			sourceTree = "<group>";
		};
		29B97314FDCFA39411CA2CEA /* CustomTemplate */ = {
			isa = PBXGroup;
			children = (
				EB87FDF41871DAF40020F90C /* config.xml */,
				EB87FDF31871DA8E0020F90C /* www */,
				EB87FDF11871DA420020F90C /* Staging */,
				301BF52D109A57CC0062928A /* CordovaLib/CordovaLib.xcodeproj */,
				080E96DDFE201D6D7F000001 /* Classes */,
				307C750510C5A3420062BCA9 /* Plugins */,
				29B97315FDCFA39411CA2CEA /* Other Sources */,
				29B97317FDCFA39411CA2CEA /* Resources */,
				29B97323FDCFA39411CA2CEA /* Frameworks */,
				19C28FACFE9D520D11CA2CBB /* Products */,
			);
			name = CustomTemplate;
			sourceTree = "<group>";
		};
		29B97315FDCFA39411CA2CEA /* Other Sources */ = {
			isa = PBXGroup;
			children = (
				32CA4F630368D1EE00C91783 /* app-Prefix.pch */,
				29B97316FDCFA39411CA2CEA /* main.m */,
				ED33DF2A687741AEAF9F8254 /* Bridging-Header.h */,
			);
			name = "Other Sources";
			path = "app";
			sourceTree = "<group>";
		};
		29B97317FDCFA39411CA2CEA /* Resources */ = {
			isa = PBXGroup;
			children = (
				0207DA571B56EA530066E2B4 /* Images.xcassets */,
				3047A50E1AB8057F00498E2A /* config */,
				8D1107310486CEB800E47090 /* app-Info.plist */,
				6AFF5BF81D6E424B00AB3073 /* CDVLaunchScreen.storyboard */,
			);
			name = Resources;
			path = "app/Resources";
			sourceTree = "<group>";
		};
		29B97323FDCFA39411CA2CEA /* Frameworks */ = {
			isa = PBXGroup;
			children = (
				12FFFA2FE05B493DA0C42060 /* CFNetwork.framework */,
				BA1B75935C5A478AAEAFA195 /* libz.dylib */,
			);
			name = Frameworks;
			sourceTree = "<group>";
		};
		301BF52E109A57CC0062928A /* Products */ = {
			isa = PBXGroup;
			children = (
				301BF535109A57CC0062928A /* libCordova.a */,
				907D8124214C687600058A10 /* Cordova.framework */,
			);
			name = Products;
			sourceTree = "<group>";
		};
		3047A50E1AB8057F00498E2A /* config */ = {
			isa = PBXGroup;
			children = (
				3047A50F1AB8059700498E2A /* build-debug.xcconfig */,
				3047A5101AB8059700498E2A /* build-release.xcconfig */,
				3047A5111AB8059700498E2A /* build.xcconfig */,
			);
			name = config;
			sourceTree = "<group>";
		};
		307C750510C5A3420062BCA9 /* Plugins */ = {
			isa = PBXGroup;
			children = (
				EB0AF13032184DFBB951FFAF /* WebAppLocalServer.swift */,
				864303CFD3D0425586FE4A43 /* WebAppConfiguration.swift */,
				E25E6E75FA4D40E4897D7088 /* AssetBundleManager.swift */,
				FCBC66AC369E409DA535A2BA /* AssetBundle.swift */,
				D35574ABE49B4FF2A7037F5E /* Asset.swift */,
				AE683C7DFD5C4CC899E9AC84 /* AssetBundleDownloader.swift */,
				D8A9F87C47964E25A5818F54 /* AssetManifest.swift */,
				5598E3EECA1B4C45B1EA47C5 /* Errors.swift */,
				662EBF3770D94A2C8F037468 /* Utility.swift */,
				BDB1C9A94B5E4768A9AF7BE1 /* METPlugin.m */,
				9CD40289CC1844FAA564FA1A /* METTimer.m */,
				77A023D6E63A4526A0E990F8 /* METRetryStrategy.m */,
				7FF3BAECD95A4A758B8368FF /* METNetworkReachabilityManager.m */,
				05FEE6D8C108400DAFF80326 /* METRandomValueGenerator.m */,
				2B4EA96D6D554B7ABF3120E6 /* GCDWebServer.m */,
				9542B586482640659AD23ACF /* GCDWebServerConnection.m */,
				0EE8AECF49144B3490773CC3 /* GCDWebServerFunctions.m */,
				AFDBF982DBFF407082BBCC6F /* GCDWebServerRequest.m */,
				92F8811835474DD0B5F56BB8 /* GCDWebServerResponse.m */,
				2D1936FB2DC64CEEBB00D857 /* GCDWebServerDataRequest.m */,
				AA613B42C20C46CAA177B9F2 /* GCDWebServerFileRequest.m */,
				EBCC5F8143F249B89C02C442 /* GCDWebServerMultiPartFormRequest.m */,
				8C690E81754841649F4B08BB /* GCDWebServerURLEncodedFormRequest.m */,
				70E8BBE87ABA48C89862350A /* GCDWebServerDataResponse.m */,
				FBAFC813359441A4AC54D178 /* GCDWebServerErrorResponse.m */,
				B9541A55BED74493B0E41EDE /* GCDWebServerFileResponse.m */,
				58AF5BD65264464FBB288B0C /* GCDWebServerStreamedResponse.m */,
				ED15A3C7DF9245F793F8CAF9 /* cordova-plugin-meteor-webapp-Bridging-Header.h */,
				292D1EFC8BD041AAABFBD26A /* METPlugin.h */,
				D26E3F1A130A438994486A2B /* METTimer.h */,
				B40BAA03FA91449EA080F659 /* METRetryStrategy.h */,
				ED45C8491ED54FD5B3A28B4B /* METNetworkReachabilityManager.h */,
				6EF93C088B3A495994FD6649 /* METRandomValueGenerator.h */,
				A76EED0F65CA4246A28C5587 /* GCDWebServer.h */,
				3198BD454D47452881A1C351 /* GCDWebServerConnection.h */,
				280853C76C5F417598EBC618 /* GCDWebServerFunctions.h */,
				6567219753444151A1AC666C /* GCDWebServerHTTPStatusCodes.h */,
				49EB22A6C8BC443FA76F37D5 /* GCDWebServerPrivate.h */,
				2EB34EE9107F4CD797B3D8D9 /* GCDWebServerRequest.h */,
				B00781F509234BF395645584 /* GCDWebServerResponse.h */,
				996C2A991A4047199482D05A /* GCDWebServerDataRequest.h */,
				C82ED3D24E044384A42062A8 /* GCDWebServerFileRequest.h */,
				BC880E18E61D48C3B95D742C /* GCDWebServerMultiPartFormRequest.h */,
				5A53060E41EF44BE8C6EFBD1 /* GCDWebServerURLEncodedFormRequest.h */,
				39248EA01FD746ADB7AFD1FB /* GCDWebServerDataResponse.h */,
				6EC3AC1455AF428D8F54F4C6 /* GCDWebServerErrorResponse.h */,
				60EDED7DB5D942439846A537 /* GCDWebServerFileResponse.h */,
				0E60548D1F3640A6A0D6AC46 /* GCDWebServerStreamedResponse.h */,
				BC37F28512F24CD1B654E915 /* CDVStatusBar.m */,
				F4066E0A91134D30B4E00257 /* CDVStatusBar.h */,
			);
			name = Plugins;
			path = "app/Plugins";
			sourceTree = SOURCE_ROOT;
		};
		EB87FDF11871DA420020F90C /* Staging */ = {
			isa = PBXGroup;
			children = (
				F840E1F0165FE0F500CFE078 /* config.xml */,
				301BF56E109A69640062928A /* www */,
			);
			name = Staging;
			sourceTree = "<group>";
		};
/* End PBXGroup section */

/* Begin PBXNativeTarget section */
		1D6058900D05DD3D006BFB54 /* app */ = {
			isa = PBXNativeTarget;
			buildConfigurationList = 1D6058960D05DD3E006BFB54 /* Build configuration list for PBXNativeTarget "app" */;
			buildPhases = (
				304B58A110DAC018002A0835 /* Copy www directory */,
				1D60588D0D05DD3D006BFB54 /* Resources */,
				1D60588E0D05DD3D006BFB54 /* Sources */,
				1D60588F0D05DD3D006BFB54 /* Frameworks */,
			);
			buildRules = (
			);
			dependencies = (
				301BF551109A68C00062928A /* PBXTargetDependency */,
			);
			name = "app";
			productName = "app";
			productReference = 1D6058910D05DD3D006BFB54 /* app.app */;
			productType = "com.apple.product-type.application";
		};
/* End PBXNativeTarget section */

/* Begin PBXProject section */
		29B97313FDCFA39411CA2CEA /* Project object */ = {
			isa = PBXProject;
			attributes = {
				LastUpgradeCheck = 1130;
				TargetAttributes = {
					1D6058900D05DD3D006BFB54 = {
						ProvisioningStyle = Automatic;
					};
				};
			};
			buildConfigurationList = C01FCF4E08A954540054247B /* Build configuration list for PBXProject "app" */;
			compatibilityVersion = "Xcode 11.0";
			developmentRegion = en;
			hasScannedForEncodings = 1;
			knownRegions = (
				en,
				Base,
			);
			mainGroup = 29B97314FDCFA39411CA2CEA /* CustomTemplate */;
			projectDirPath = "";
			projectReferences = (
				{
					ProductGroup = 301BF52E109A57CC0062928A /* Products */;
					ProjectRef = 301BF52D109A57CC0062928A /* CordovaLib/CordovaLib.xcodeproj */;
				},
			);
			projectRoot = "";
			targets = (
				1D6058900D05DD3D006BFB54 /* app */,
			);
		};
/* End PBXProject section */

/* Begin PBXReferenceProxy section */
		301BF535109A57CC0062928A /* libCordova.a */ = {
			isa = PBXReferenceProxy;
			fileType = archive.ar;
			path = libCordova.a;
			remoteRef = 301BF534109A57CC0062928A /* PBXContainerItemProxy */;
			sourceTree = BUILT_PRODUCTS_DIR;
		};
		907D8124214C687600058A10 /* Cordova.framework */ = {
			isa = PBXReferenceProxy;
			fileType = wrapper.framework;
			path = Cordova.framework;
			remoteRef = 907D8123214C687600058A10 /* PBXContainerItemProxy */;
			sourceTree = BUILT_PRODUCTS_DIR;
		};
/* End PBXReferenceProxy section */

/* Begin PBXResourcesBuildPhase section */
		1D60588D0D05DD3D006BFB54 /* Resources */ = {
			isa = PBXResourcesBuildPhase;
			buildActionMask = 2147483647;
			files = (
				302D95F214D2391D003F00A1 /* MainViewController.xib in Resources */,
				0207DA581B56EA530066E2B4 /* Images.xcassets in Resources */,
				6AFF5BF91D6E424B00AB3073 /* CDVLaunchScreen.storyboard in Resources */,
			);
			runOnlyForDeploymentPostprocessing = 0;
		};
/* End PBXResourcesBuildPhase section */

/* Begin PBXShellScriptBuildPhase section */
		304B58A110DAC018002A0835 /* Copy www directory */ = {
			isa = PBXShellScriptBuildPhase;
			buildActionMask = 2147483647;
			files = (
			);
			inputPaths = (
			);
			name = "Copy www directory";
			outputPaths = (
			);
			runOnlyForDeploymentPostprocessing = 0;
			shellPath = /bin/sh;
			shellScript = "\"$SRCROOT/app/Scripts/copy-www-build-step.sh\"";
			showEnvVarsInLog = 0;
		};
/* End PBXShellScriptBuildPhase section */

/* Begin PBXSourcesBuildPhase section */
		1D60588E0D05DD3D006BFB54 /* Sources */ = {
			isa = PBXSourcesBuildPhase;
			buildActionMask = 2147483647;
			files = (
				1D60589B0D05DD56006BFB54 /* main.m in Sources */,
				1D3623260D0F684500981E51 /* AppDelegate.m in Sources */,
				302D95F114D2391D003F00A1 /* MainViewController.m in Sources */,
				8BAD286F7B0941B286CF0020 /* WebAppLocalServer.swift in Sources */,
				D761C25D3A6D4EC7A8BC8F6A /* WebAppConfiguration.swift in Sources */,
				937AC909853B4BC2884E9977 /* AssetBundleManager.swift in Sources */,
				F6D3ECC0A21F4C509B894388 /* AssetBundle.swift in Sources */,
				CED70D0051714F7388BEAF13 /* Asset.swift in Sources */,
				B0845E2BA30C4BDB854AC3AD /* AssetBundleDownloader.swift in Sources */,
				F45031B77DEB49B293AD777D /* AssetManifest.swift in Sources */,
				0927E4EBBAA74F88A007AE81 /* Errors.swift in Sources */,
				5D9E072E796D422C8C5D9BCB /* Utility.swift in Sources */,
				E8404CE265D04C3CA0EE8692 /* METPlugin.m in Sources */,
				3CF8E376803E4535A49F01D1 /* METTimer.m in Sources */,
				A6E4BEF80B964306BA7B0F2D /* METRetryStrategy.m in Sources */,
				C2D80A8A9C56470EB58281B7 /* METNetworkReachabilityManager.m in Sources */,
				7BC99DF649D84A43BE7634E5 /* METRandomValueGenerator.m in Sources */,
				86138A7EFA3C404BAE9AEF1B /* GCDWebServer.m in Sources */,
				F613878B419B4F73BAFC1761 /* GCDWebServerConnection.m in Sources */,
				FA296232825D492A82B4856C /* GCDWebServerFunctions.m in Sources */,
				749092D42EAE43109BFEB01B /* GCDWebServerRequest.m in Sources */,
				1289FC7FA97F4F5EBB858FA1 /* GCDWebServerResponse.m in Sources */,
				100A0406364E4CEBA148C5B7 /* GCDWebServerDataRequest.m in Sources */,
				C1CE28DD652C4CEF95B03844 /* GCDWebServerFileRequest.m in Sources */,
				25098CDF45EE4C879A19094F /* GCDWebServerMultiPartFormRequest.m in Sources */,
				6CB9CC6AFE2F4D0CBA2545CF /* GCDWebServerURLEncodedFormRequest.m in Sources */,
				F0BC5095AF4F47E999780E5D /* GCDWebServerDataResponse.m in Sources */,
				8A3DAF51572A4017812558E2 /* GCDWebServerErrorResponse.m in Sources */,
				DBC0178604A94D53B52206F4 /* GCDWebServerFileResponse.m in Sources */,
				0CC2145FC22345528CEC28B4 /* GCDWebServerStreamedResponse.m in Sources */,
				003B32CFFDA642DEA6111D0B /* CDVStatusBar.m in Sources */,
			);
			runOnlyForDeploymentPostprocessing = 0;
		};
/* End PBXSourcesBuildPhase section */

/* Begin PBXTargetDependency section */
		301BF551109A68C00062928A /* PBXTargetDependency */ = {
			isa = PBXTargetDependency;
			name = CordovaLib;
			targetProxy = 301BF550109A68C00062928A /* PBXContainerItemProxy */;
		};
/* End PBXTargetDependency section */

/* Begin XCBuildConfiguration section */
		1D6058940D05DD3E006BFB54 /* Debug */ = {
			isa = XCBuildConfiguration;
			baseConfigurationReference = 3047A50F1AB8059700498E2A /* build-debug.xcconfig */;
			buildSettings = {
				ALWAYS_SEARCH_USER_PATHS = NO;
				ASSETCATALOG_COMPILER_APPICON_NAME = AppIcon;
				CLANG_ENABLE_MODULES = YES;
				CLANG_ENABLE_OBJC_ARC = YES;
				COPY_PHASE_STRIP = NO;
				GCC_DYNAMIC_NO_PIC = NO;
				GCC_OPTIMIZATION_LEVEL = 0;
				GCC_PRECOMPILE_PREFIX_HEADER = YES;
				GCC_PREFIX_HEADER = "app/app-Prefix.pch";
				GCC_THUMB_SUPPORT = NO;
				GCC_VERSION = "";
				INFOPLIST_FILE = "app/app-Info.plist";
				IPHONEOS_DEPLOYMENT_TARGET = 11.0;
				LD_RUNPATH_SEARCH_PATHS = "@executable_path/Frameworks";
				PRODUCT_BUNDLE_IDENTIFIER = com.id1b0i1u976u6dkek239x;
				PRODUCT_NAME = "$(TARGET_NAME)";
				TARGETED_DEVICE_FAMILY = "1,2";
				VALIDATE_WORKSPACE = NO;
				SWIFT_VERSION = 5;
			};
			name = Debug;
		};
		1D6058950D05DD3E006BFB54 /* Release */ = {
			isa = XCBuildConfiguration;
			baseConfigurationReference = 3047A5101AB8059700498E2A /* build-release.xcconfig */;
			buildSettings = {
				ALWAYS_SEARCH_USER_PATHS = NO;
				ASSETCATALOG_COMPILER_APPICON_NAME = AppIcon;
				CLANG_ENABLE_MODULES = YES;
				CLANG_ENABLE_OBJC_ARC = YES;
				COPY_PHASE_STRIP = YES;
				GCC_PRECOMPILE_PREFIX_HEADER = YES;
				GCC_PREFIX_HEADER = "app/app-Prefix.pch";
				GCC_THUMB_SUPPORT = NO;
				GCC_VERSION = "";
				INFOPLIST_FILE = "app/app-Info.plist";
				IPHONEOS_DEPLOYMENT_TARGET = 11.0;
				LD_RUNPATH_SEARCH_PATHS = "@executable_path/Frameworks";
				PRODUCT_BUNDLE_IDENTIFIER = com.id1b0i1u976u6dkek239x;
				PRODUCT_NAME = "$(TARGET_NAME)";
				TARGETED_DEVICE_FAMILY = "1,2";
				VALIDATE_WORKSPACE = NO;
				SWIFT_VERSION = 5;
			};
			name = Release;
		};
		C01FCF4F08A954540054247B /* Debug */ = {
			isa = XCBuildConfiguration;
			baseConfigurationReference = 3047A5111AB8059700498E2A /* build.xcconfig */;
			buildSettings = {
				CLANG_ANALYZER_LOCALIZABILITY_NONLOCALIZED = YES;
				CLANG_ENABLE_MODULES = YES;
				CLANG_ENABLE_OBJC_ARC = YES;
				CLANG_WARN_BLOCK_CAPTURE_AUTORELEASING = YES;
				CLANG_WARN_BOOL_CONVERSION = YES;
				CLANG_WARN_COMMA = YES;
				CLANG_WARN_CONSTANT_CONVERSION = YES;
				CLANG_WARN_DEPRECATED_OBJC_IMPLEMENTATIONS = YES;
				CLANG_WARN_EMPTY_BODY = YES;
				CLANG_WARN_ENUM_CONVERSION = YES;
				CLANG_WARN_INFINITE_RECURSION = YES;
				CLANG_WARN_INT_CONVERSION = YES;
				CLANG_WARN_NON_LITERAL_NULL_CONVERSION = YES;
				CLANG_WARN_OBJC_IMPLICIT_RETAIN_SELF = YES;
				CLANG_WARN_OBJC_LITERAL_CONVERSION = YES;
				CLANG_WARN_RANGE_LOOP_ANALYSIS = YES;
				CLANG_WARN_STRICT_PROTOTYPES = YES;
				CLANG_WARN_SUSPICIOUS_MOVE = YES;
				CLANG_WARN_UNREACHABLE_CODE = YES;
				CLANG_WARN__DUPLICATE_METHOD_MATCH = YES;
				ENABLE_STRICT_OBJC_MSGSEND = YES;
				ENABLE_TESTABILITY = YES;
				GCC_C_LANGUAGE_STANDARD = c99;
				GCC_NO_COMMON_BLOCKS = YES;
				GCC_THUMB_SUPPORT = NO;
				GCC_VERSION = "";
				GCC_WARN_64_TO_32_BIT_CONVERSION = YES;
				GCC_WARN_ABOUT_RETURN_TYPE = YES;
				GCC_WARN_UNDECLARED_SELECTOR = YES;
				GCC_WARN_UNINITIALIZED_AUTOS = YES;
				GCC_WARN_UNUSED_FUNCTION = YES;
				GCC_WARN_UNUSED_VARIABLE = YES;
				ONLY_ACTIVE_ARCH = YES;
				SDKROOT = iphoneos;
				SKIP_INSTALL = NO;
				WK_WEB_VIEW_ONLY = 1;
				SWIFT_VERSION = 5;
			};
			name = Debug;
		};
		C01FCF5008A954540054247B /* Release */ = {
			isa = XCBuildConfiguration;
			baseConfigurationReference = 3047A5111AB8059700498E2A /* build.xcconfig */;
			buildSettings = {
				CLANG_ANALYZER_LOCALIZABILITY_NONLOCALIZED = YES;
				CLANG_ENABLE_MODULES = YES;
				CLANG_ENABLE_OBJC_ARC = YES;
				CLANG_WARN_BLOCK_CAPTURE_AUTORELEASING = YES;
				CLANG_WARN_BOOL_CONVERSION = YES;
				CLANG_WARN_COMMA = YES;
				CLANG_WARN_CONSTANT_CONVERSION = YES;
				CLANG_WARN_DEPRECATED_OBJC_IMPLEMENTATIONS = YES;
				CLANG_WARN_EMPTY_BODY = YES;
				CLANG_WARN_ENUM_CONVERSION = YES;
				CLANG_WARN_INFINITE_RECURSION = YES;
				CLANG_WARN_INT_CONVERSION = YES;
				CLANG_WARN_NON_LITERAL_NULL_CONVERSION = YES;
				CLANG_WARN_OBJC_IMPLICIT_RETAIN_SELF = YES;
				CLANG_WARN_OBJC_LITERAL_CONVERSION = YES;
				CLANG_WARN_RANGE_LOOP_ANALYSIS = YES;
				CLANG_WARN_STRICT_PROTOTYPES = YES;
				CLANG_WARN_SUSPICIOUS_MOVE = YES;
				CLANG_WARN_UNREACHABLE_CODE = YES;
				CLANG_WARN__DUPLICATE_METHOD_MATCH = YES;
				ENABLE_STRICT_OBJC_MSGSEND = YES;
				GCC_C_LANGUAGE_STANDARD = c99;
				GCC_NO_COMMON_BLOCKS = YES;
				GCC_THUMB_SUPPORT = NO;
				GCC_VERSION = "";
				GCC_WARN_64_TO_32_BIT_CONVERSION = YES;
				GCC_WARN_ABOUT_RETURN_TYPE = YES;
				GCC_WARN_UNDECLARED_SELECTOR = YES;
				GCC_WARN_UNINITIALIZED_AUTOS = YES;
				GCC_WARN_UNUSED_FUNCTION = YES;
				GCC_WARN_UNUSED_VARIABLE = YES;
				SDKROOT = iphoneos;
				SKIP_INSTALL = NO;
				WK_WEB_VIEW_ONLY = 1;
				SWIFT_VERSION = 5;
			};
			name = Release;
		};
/* End XCBuildConfiguration section */

/* Begin XCConfigurationList section */
		1D6058960D05DD3E006BFB54 /* Build configuration list for PBXNativeTarget "app" */ = {
			isa = XCConfigurationList;
			buildConfigurations = (
				1D6058940D05DD3E006BFB54 /* Debug */,
				1D6058950D05DD3E006BFB54 /* Release */,
			);
			defaultConfigurationIsVisible = 0;
			defaultConfigurationName = Release;
		};
		C01FCF4E08A954540054247B /* Build configuration list for PBXProject "app" */ = {
			isa = XCConfigurationList;
			buildConfigurations = (
				C01FCF4F08A954540054247B /* Debug */,
				C01FCF5008A954540054247B /* Release */,
			);
			defaultConfigurationIsVisible = 0;
			defaultConfigurationName = Release;
		};
/* End XCConfigurationList section */
	};
	rootObject = 29B97313FDCFA39411CA2CEA /* Project object */;
}
